// !$*UTF8*$!
{
	archiveVersion = 1;
	classes = {
	};
	objectVersion = 56;
	objects = {

/* Begin PBXBuildFile section */
		6130E8902B68E0B0004AE4F1 /* AppDelegate.swift in Sources */ = {isa = PBXBuildFile; fileRef = 6130E88F2B68E0B0004AE4F1 /* AppDelegate.swift */; };
		6130E8922B68E0B0004AE4F1 /* SceneDelegate.swift in Sources */ = {isa = PBXBuildFile; fileRef = 6130E8912B68E0B0004AE4F1 /* SceneDelegate.swift */; };
		6130E8942B68E0B0004AE4F1 /* TVViewController.swift in Sources */ = {isa = PBXBuildFile; fileRef = 6130E8932B68E0B0004AE4F1 /* TVViewController.swift */; };
		6130E8972B68E0B0004AE4F1 /* Main.storyboard in Resources */ = {isa = PBXBuildFile; fileRef = 6130E8952B68E0B0004AE4F1 /* Main.storyboard */; };
		6130E8992B68E0B1004AE4F1 /* Assets.xcassets in Resources */ = {isa = PBXBuildFile; fileRef = 6130E8982B68E0B1004AE4F1 /* Assets.xcassets */; };
		6130E89C2B68E0B1004AE4F1 /* LaunchScreen.storyboard in Resources */ = {isa = PBXBuildFile; fileRef = 6130E89A2B68E0B1004AE4F1 /* LaunchScreen.storyboard */; };
		61B0C9762B695D5A00BE86D2 /* EndPoint.swift in Sources */ = {isa = PBXBuildFile; fileRef = 61B0C9752B695D5A00BE86D2 /* EndPoint.swift */; };
		61B0C9782B695D7C00BE86D2 /* UIView+Extension.swift in Sources */ = {isa = PBXBuildFile; fileRef = 61B0C9772B695D7C00BE86D2 /* UIView+Extension.swift */; };
		61B0C97A2B695D9400BE86D2 /* PosterImageView.swift in Sources */ = {isa = PBXBuildFile; fileRef = 61B0C9792B695D9400BE86D2 /* PosterImageView.swift */; };
		61B0C97C2B695DC400BE86D2 /* TVContentsTableViewCell.swift in Sources */ = {isa = PBXBuildFile; fileRef = 61B0C97B2B695DC400BE86D2 /* TVContentsTableViewCell.swift */; };
		61B0C97F2B695DDE00BE86D2 /* SnapKit in Frameworks */ = {isa = PBXBuildFile; productRef = 61B0C97E2B695DDE00BE86D2 /* SnapKit */; };
		61B0C9812B695DDE00BE86D2 /* SnapKit-Dynamic in Frameworks */ = {isa = PBXBuildFile; productRef = 61B0C9802B695DDE00BE86D2 /* SnapKit-Dynamic */; };
		61B0C9842B695DE800BE86D2 /* Kingfisher in Frameworks */ = {isa = PBXBuildFile; productRef = 61B0C9832B695DE800BE86D2 /* Kingfisher */; };
		61B0C9872B695DF000BE86D2 /* Alamofire in Frameworks */ = {isa = PBXBuildFile; productRef = 61B0C9862B695DF000BE86D2 /* Alamofire */; };
		61B0C9892B695DFA00BE86D2 /* ViewProtocol.swift in Sources */ = {isa = PBXBuildFile; fileRef = 61B0C9882B695DFA00BE86D2 /* ViewProtocol.swift */; };
		61B0C98B2B695E3000BE86D2 /* ContentCollectionViewCell.swift in Sources */ = {isa = PBXBuildFile; fileRef = 61B0C98A2B695E3000BE86D2 /* ContentCollectionViewCell.swift */; };
		61B0C98E2B6964EA00BE86D2 /* TMDBAPIManager.swift in Sources */ = {isa = PBXBuildFile; fileRef = 61B0C98D2B6964EA00BE86D2 /* TMDBAPIManager.swift */; };
		61B0C9902B69651B00BE86D2 /* .gitignore in Resources */ = {isa = PBXBuildFile; fileRef = 61B0C98F2B69651B00BE86D2 /* .gitignore */; };
		61B0C9922B69652B00BE86D2 /* APIKey.swift in Sources */ = {isa = PBXBuildFile; fileRef = 61B0C9912B69652B00BE86D2 /* APIKey.swift */; };
		61B0C9952B6965E900BE86D2 /* TVContentsModel.swift in Sources */ = {isa = PBXBuildFile; fileRef = 61B0C9942B6965E900BE86D2 /* TVContentsModel.swift */; };
		61B0C9A92B6A8F9200BE86D2 /* DramaDetailViewController.swift in Sources */ = {isa = PBXBuildFile; fileRef = 61B0C9A82B6A8F9200BE86D2 /* DramaDetailViewController.swift */; };
		61B0C9AB2B6A901A00BE86D2 /* DramaInfoModel.swift in Sources */ = {isa = PBXBuildFile; fileRef = 61B0C9AA2B6A901A00BE86D2 /* DramaInfoModel.swift */; };
		61B0C9AE2B6A927200BE86D2 /* SimilarDramaRecommendationModel.swift in Sources */ = {isa = PBXBuildFile; fileRef = 61B0C9AD2B6A927200BE86D2 /* SimilarDramaRecommendationModel.swift */; };
		61B0C9B02B6A931100BE86D2 /* DramaCastInfoModel.swift in Sources */ = {isa = PBXBuildFile; fileRef = 61B0C9AF2B6A931100BE86D2 /* DramaCastInfoModel.swift */; };
		61B0C9B52B6A96D000BE86D2 /* BaseViewController.swift in Sources */ = {isa = PBXBuildFile; fileRef = 61B0C9B42B6A96D000BE86D2 /* BaseViewController.swift */; };
		61B0C9B72B6A996D00BE86D2 /* ProfileImageView.swift in Sources */ = {isa = PBXBuildFile; fileRef = 61B0C9B62B6A996D00BE86D2 /* ProfileImageView.swift */; };
		61B0C9B92B6A99F200BE86D2 /* DramaInfoTableViewCell.swift in Sources */ = {isa = PBXBuildFile; fileRef = 61B0C9B82B6A99F200BE86D2 /* DramaInfoTableViewCell.swift */; };
		61B0C9BB2B6A9A9A00BE86D2 /* DramaCastInfoCollectionViewCell.swift in Sources */ = {isa = PBXBuildFile; fileRef = 61B0C9BA2B6A9A9A00BE86D2 /* DramaCastInfoCollectionViewCell.swift */; };
		61B0C9BD2B6AB1E000BE86D2 /* UINavigationController+Extension.swift in Sources */ = {isa = PBXBuildFile; fileRef = 61B0C9BC2B6AB1E000BE86D2 /* UINavigationController+Extension.swift */; };
		61B0C9C72B6BE1FA00BE86D2 /* TMDBAPI.swift in Sources */ = {isa = PBXBuildFile; fileRef = 61B0C9C62B6BE1FA00BE86D2 /* TMDBAPI.swift */; };
		61B0C9C92B6BE84600BE86D2 /* BaseView.swift in Sources */ = {isa = PBXBuildFile; fileRef = 61B0C9C82B6BE84600BE86D2 /* BaseView.swift */; };
		61B0C9CD2B6BE8CB00BE86D2 /* TVView.swift in Sources */ = {isa = PBXBuildFile; fileRef = 61B0C9CC2B6BE8CB00BE86D2 /* TVView.swift */; };
		61B0C9CF2B6BEA7400BE86D2 /* DramaView.swift in Sources */ = {isa = PBXBuildFile; fileRef = 61B0C9CE2B6BEA7400BE86D2 /* DramaView.swift */; };
/* End PBXBuildFile section */

/* Begin PBXFileReference section */
		6130E88C2B68E0B0004AE4F1 /* MyTVContents.app */ = {isa = PBXFileReference; explicitFileType = wrapper.application; includeInIndex = 0; path = MyTVContents.app; sourceTree = BUILT_PRODUCTS_DIR; };
		6130E88F2B68E0B0004AE4F1 /* AppDelegate.swift */ = {isa = PBXFileReference; lastKnownFileType = sourcecode.swift; path = AppDelegate.swift; sourceTree = "<group>"; };
		6130E8912B68E0B0004AE4F1 /* SceneDelegate.swift */ = {isa = PBXFileReference; lastKnownFileType = sourcecode.swift; path = SceneDelegate.swift; sourceTree = "<group>"; };
		6130E8932B68E0B0004AE4F1 /* TVViewController.swift */ = {isa = PBXFileReference; lastKnownFileType = sourcecode.swift; path = TVViewController.swift; sourceTree = "<group>"; };
		6130E8962B68E0B0004AE4F1 /* Base */ = {isa = PBXFileReference; lastKnownFileType = file.storyboard; name = Base; path = Base.lproj/Main.storyboard; sourceTree = "<group>"; };
		6130E8982B68E0B1004AE4F1 /* Assets.xcassets */ = {isa = PBXFileReference; lastKnownFileType = folder.assetcatalog; path = Assets.xcassets; sourceTree = "<group>"; };
		6130E89B2B68E0B1004AE4F1 /* Base */ = {isa = PBXFileReference; lastKnownFileType = file.storyboard; name = Base; path = Base.lproj/LaunchScreen.storyboard; sourceTree = "<group>"; };
		6130E89D2B68E0B1004AE4F1 /* Info.plist */ = {isa = PBXFileReference; lastKnownFileType = text.plist.xml; path = Info.plist; sourceTree = "<group>"; };
		61B0C9752B695D5A00BE86D2 /* EndPoint.swift */ = {isa = PBXFileReference; lastKnownFileType = sourcecode.swift; path = EndPoint.swift; sourceTree = "<group>"; };
		61B0C9772B695D7C00BE86D2 /* UIView+Extension.swift */ = {isa = PBXFileReference; lastKnownFileType = sourcecode.swift; path = "UIView+Extension.swift"; sourceTree = "<group>"; };
		61B0C9792B695D9400BE86D2 /* PosterImageView.swift */ = {isa = PBXFileReference; lastKnownFileType = sourcecode.swift; path = PosterImageView.swift; sourceTree = "<group>"; };
		61B0C97B2B695DC400BE86D2 /* TVContentsTableViewCell.swift */ = {isa = PBXFileReference; lastKnownFileType = sourcecode.swift; path = TVContentsTableViewCell.swift; sourceTree = "<group>"; };
		61B0C9882B695DFA00BE86D2 /* ViewProtocol.swift */ = {isa = PBXFileReference; lastKnownFileType = sourcecode.swift; path = ViewProtocol.swift; sourceTree = "<group>"; };
		61B0C98A2B695E3000BE86D2 /* ContentCollectionViewCell.swift */ = {isa = PBXFileReference; lastKnownFileType = sourcecode.swift; path = ContentCollectionViewCell.swift; sourceTree = "<group>"; };
		61B0C98D2B6964EA00BE86D2 /* TMDBAPIManager.swift */ = {isa = PBXFileReference; lastKnownFileType = sourcecode.swift; path = TMDBAPIManager.swift; sourceTree = "<group>"; };
		61B0C98F2B69651B00BE86D2 /* .gitignore */ = {isa = PBXFileReference; lastKnownFileType = text; path = .gitignore; sourceTree = "<group>"; };
		61B0C9912B69652B00BE86D2 /* APIKey.swift */ = {isa = PBXFileReference; lastKnownFileType = sourcecode.swift; path = APIKey.swift; sourceTree = "<group>"; };
		61B0C9942B6965E900BE86D2 /* TVContentsModel.swift */ = {isa = PBXFileReference; lastKnownFileType = sourcecode.swift; path = TVContentsModel.swift; sourceTree = "<group>"; };
		61B0C9A82B6A8F9200BE86D2 /* DramaDetailViewController.swift */ = {isa = PBXFileReference; lastKnownFileType = sourcecode.swift; path = DramaDetailViewController.swift; sourceTree = "<group>"; };
		61B0C9AA2B6A901A00BE86D2 /* DramaInfoModel.swift */ = {isa = PBXFileReference; lastKnownFileType = sourcecode.swift; path = DramaInfoModel.swift; sourceTree = "<group>"; };
		61B0C9AD2B6A927200BE86D2 /* SimilarDramaRecommendationModel.swift */ = {isa = PBXFileReference; lastKnownFileType = sourcecode.swift; path = SimilarDramaRecommendationModel.swift; sourceTree = "<group>"; };
		61B0C9AF2B6A931100BE86D2 /* DramaCastInfoModel.swift */ = {isa = PBXFileReference; lastKnownFileType = sourcecode.swift; path = DramaCastInfoModel.swift; sourceTree = "<group>"; };
		61B0C9B42B6A96D000BE86D2 /* BaseViewController.swift */ = {isa = PBXFileReference; lastKnownFileType = sourcecode.swift; path = BaseViewController.swift; sourceTree = "<group>"; };
		61B0C9B62B6A996D00BE86D2 /* ProfileImageView.swift */ = {isa = PBXFileReference; lastKnownFileType = sourcecode.swift; path = ProfileImageView.swift; sourceTree = "<group>"; };
		61B0C9B82B6A99F200BE86D2 /* DramaInfoTableViewCell.swift */ = {isa = PBXFileReference; lastKnownFileType = sourcecode.swift; path = DramaInfoTableViewCell.swift; sourceTree = "<group>"; };
		61B0C9BA2B6A9A9A00BE86D2 /* DramaCastInfoCollectionViewCell.swift */ = {isa = PBXFileReference; lastKnownFileType = sourcecode.swift; path = DramaCastInfoCollectionViewCell.swift; sourceTree = "<group>"; };
		61B0C9BC2B6AB1E000BE86D2 /* UINavigationController+Extension.swift */ = {isa = PBXFileReference; lastKnownFileType = sourcecode.swift; path = "UINavigationController+Extension.swift"; sourceTree = "<group>"; };
		61B0C9C62B6BE1FA00BE86D2 /* TMDBAPI.swift */ = {isa = PBXFileReference; lastKnownFileType = sourcecode.swift; path = TMDBAPI.swift; sourceTree = "<group>"; };
		61B0C9C82B6BE84600BE86D2 /* BaseView.swift */ = {isa = PBXFileReference; lastKnownFileType = sourcecode.swift; path = BaseView.swift; sourceTree = "<group>"; };
		61B0C9CC2B6BE8CB00BE86D2 /* TVView.swift */ = {isa = PBXFileReference; lastKnownFileType = sourcecode.swift; path = TVView.swift; sourceTree = "<group>"; };
		61B0C9CE2B6BEA7400BE86D2 /* DramaView.swift */ = {isa = PBXFileReference; lastKnownFileType = sourcecode.swift; path = DramaView.swift; sourceTree = "<group>"; };
/* End PBXFileReference section */

/* Begin PBXFrameworksBuildPhase section */
		6130E8892B68E0B0004AE4F1 /* Frameworks */ = {
			isa = PBXFrameworksBuildPhase;
			buildActionMask = 2147483647;
			files = (
				61B0C9842B695DE800BE86D2 /* Kingfisher in Frameworks */,
				61B0C9872B695DF000BE86D2 /* Alamofire in Frameworks */,
				61B0C97F2B695DDE00BE86D2 /* SnapKit in Frameworks */,
				61B0C9812B695DDE00BE86D2 /* SnapKit-Dynamic in Frameworks */,
			);
			runOnlyForDeploymentPostprocessing = 0;
		};
/* End PBXFrameworksBuildPhase section */

/* Begin PBXGroup section */
		6130E8832B68E0B0004AE4F1 = {
			isa = PBXGroup;
			children = (
				61B0C98F2B69651B00BE86D2 /* .gitignore */,
				6130E88E2B68E0B0004AE4F1 /* MyTVContents */,
				6130E88D2B68E0B0004AE4F1 /* Products */,
			);
			sourceTree = "<group>";
		};
		6130E88D2B68E0B0004AE4F1 /* Products */ = {
			isa = PBXGroup;
			children = (
				6130E88C2B68E0B0004AE4F1 /* MyTVContents.app */,
			);
			name = Products;
			sourceTree = "<group>";
		};
		6130E88E2B68E0B0004AE4F1 /* MyTVContents */ = {
			isa = PBXGroup;
			children = (
				61B0C9CB2B6BE8A300BE86D2 /* TV */,
				61B0C9CA2B6BE89A00BE86D2 /* Drama */,
				61B0C9B32B6A96C700BE86D2 /* Base */,
				61B0C9932B6965CF00BE86D2 /* Model */,
				61B0C98C2B6964D800BE86D2 /* Network */,
				61B0C9742B695D4200BE86D2 /* Enum */,
				61B0C9732B695D3D00BE86D2 /* Extension */,
				61B0C9722B695D3300BE86D2 /* Component */,
				61B0C9712B695D2300BE86D2 /* Cell */,
				61B0C9702B695D0E00BE86D2 /* Protocol */,
				6130E88F2B68E0B0004AE4F1 /* AppDelegate.swift */,
				6130E8912B68E0B0004AE4F1 /* SceneDelegate.swift */,
				6130E8952B68E0B0004AE4F1 /* Main.storyboard */,
				6130E8982B68E0B1004AE4F1 /* Assets.xcassets */,
				6130E89A2B68E0B1004AE4F1 /* LaunchScreen.storyboard */,
				6130E89D2B68E0B1004AE4F1 /* Info.plist */,
				61B0C9912B69652B00BE86D2 /* APIKey.swift */,
			);
			path = MyTVContents;
			sourceTree = "<group>";
		};
		61B0C9702B695D0E00BE86D2 /* Protocol */ = {
			isa = PBXGroup;
			children = (
				61B0C9882B695DFA00BE86D2 /* ViewProtocol.swift */,
			);
			path = Protocol;
			sourceTree = "<group>";
		};
		61B0C9712B695D2300BE86D2 /* Cell */ = {
			isa = PBXGroup;
			children = (
				61B0C97B2B695DC400BE86D2 /* TVContentsTableViewCell.swift */,
				61B0C98A2B695E3000BE86D2 /* ContentCollectionViewCell.swift */,
				61B0C9B82B6A99F200BE86D2 /* DramaInfoTableViewCell.swift */,
				61B0C9BA2B6A9A9A00BE86D2 /* DramaCastInfoCollectionViewCell.swift */,
			);
			path = Cell;
			sourceTree = "<group>";
		};
		61B0C9722B695D3300BE86D2 /* Component */ = {
			isa = PBXGroup;
			children = (
				61B0C9792B695D9400BE86D2 /* PosterImageView.swift */,
				61B0C9B62B6A996D00BE86D2 /* ProfileImageView.swift */,
			);
			path = Component;
			sourceTree = "<group>";
		};
		61B0C9732B695D3D00BE86D2 /* Extension */ = {
			isa = PBXGroup;
			children = (
				61B0C9772B695D7C00BE86D2 /* UIView+Extension.swift */,
				61B0C9BC2B6AB1E000BE86D2 /* UINavigationController+Extension.swift */,
			);
			path = Extension;
			sourceTree = "<group>";
		};
		61B0C9742B695D4200BE86D2 /* Enum */ = {
			isa = PBXGroup;
			children = (
				61B0C9752B695D5A00BE86D2 /* EndPoint.swift */,
			);
			path = Enum;
			sourceTree = "<group>";
		};
		61B0C98C2B6964D800BE86D2 /* Network */ = {
			isa = PBXGroup;
			children = (
				61B0C98D2B6964EA00BE86D2 /* TMDBAPIManager.swift */,
				61B0C9C62B6BE1FA00BE86D2 /* TMDBAPI.swift */,
			);
			path = Network;
			sourceTree = "<group>";
		};
		61B0C9932B6965CF00BE86D2 /* Model */ = {
			isa = PBXGroup;
			children = (
				61B0C9942B6965E900BE86D2 /* TVContentsModel.swift */,
				61B0C9AA2B6A901A00BE86D2 /* DramaInfoModel.swift */,
				61B0C9AD2B6A927200BE86D2 /* SimilarDramaRecommendationModel.swift */,
				61B0C9AF2B6A931100BE86D2 /* DramaCastInfoModel.swift */,
			);
			path = Model;
			sourceTree = "<group>";
		};
		61B0C9B32B6A96C700BE86D2 /* Base */ = {
			isa = PBXGroup;
			children = (
				61B0C9B42B6A96D000BE86D2 /* BaseViewController.swift */,
				61B0C9C82B6BE84600BE86D2 /* BaseView.swift */,
			);
			path = Base;
			sourceTree = "<group>";
		};
		61B0C9CA2B6BE89A00BE86D2 /* Drama */ = {
			isa = PBXGroup;
			children = (
				61B0C9A82B6A8F9200BE86D2 /* DramaDetailViewController.swift */,
				61B0C9CE2B6BEA7400BE86D2 /* DramaView.swift */,
			);
			path = Drama;
			sourceTree = "<group>";
		};
		61B0C9CB2B6BE8A300BE86D2 /* TV */ = {
			isa = PBXGroup;
			children = (
				6130E8932B68E0B0004AE4F1 /* TVViewController.swift */,
				61B0C9CC2B6BE8CB00BE86D2 /* TVView.swift */,
			);
			path = TV;
			sourceTree = "<group>";
		};
/* End PBXGroup section */

/* Begin PBXNativeTarget section */
		6130E88B2B68E0B0004AE4F1 /* MyTVContents */ = {
			isa = PBXNativeTarget;
			buildConfigurationList = 6130E8A02B68E0B1004AE4F1 /* Build configuration list for PBXNativeTarget "MyTVContents" */;
			buildPhases = (
				6130E8882B68E0B0004AE4F1 /* Sources */,
				6130E8892B68E0B0004AE4F1 /* Frameworks */,
				6130E88A2B68E0B0004AE4F1 /* Resources */,
			);
			buildRules = (
			);
			dependencies = (
			);
			name = MyTVContents;
			packageProductDependencies = (
				61B0C97E2B695DDE00BE86D2 /* SnapKit */,
				61B0C9802B695DDE00BE86D2 /* SnapKit-Dynamic */,
				61B0C9832B695DE800BE86D2 /* Kingfisher */,
				61B0C9862B695DF000BE86D2 /* Alamofire */,
			);
			productName = MyTVContents;
			productReference = 6130E88C2B68E0B0004AE4F1 /* MyTVContents.app */;
			productType = "com.apple.product-type.application";
		};
/* End PBXNativeTarget section */

/* Begin PBXProject section */
		6130E8842B68E0B0004AE4F1 /* Project object */ = {
			isa = PBXProject;
			attributes = {
				BuildIndependentTargetsInParallel = 1;
				LastSwiftUpdateCheck = 1510;
				LastUpgradeCheck = 1510;
				TargetAttributes = {
					6130E88B2B68E0B0004AE4F1 = {
						CreatedOnToolsVersion = 15.1;
					};
				};
			};
			buildConfigurationList = 6130E8872B68E0B0004AE4F1 /* Build configuration list for PBXProject "MyTVContents" */;
			compatibilityVersion = "Xcode 14.0";
			developmentRegion = en;
			hasScannedForEncodings = 0;
			knownRegions = (
				en,
				Base,
			);
			mainGroup = 6130E8832B68E0B0004AE4F1;
			packageReferences = (
				61B0C97D2B695DDE00BE86D2 /* XCRemoteSwiftPackageReference "SnapKit" */,
				61B0C9822B695DE800BE86D2 /* XCRemoteSwiftPackageReference "Kingfisher" */,
				61B0C9852B695DF000BE86D2 /* XCRemoteSwiftPackageReference "Alamofire" */,
			);
			productRefGroup = 6130E88D2B68E0B0004AE4F1 /* Products */;
			projectDirPath = "";
			projectRoot = "";
			targets = (
				6130E88B2B68E0B0004AE4F1 /* MyTVContents */,
			);
		};
/* End PBXProject section */

/* Begin PBXResourcesBuildPhase section */
		6130E88A2B68E0B0004AE4F1 /* Resources */ = {
			isa = PBXResourcesBuildPhase;
			buildActionMask = 2147483647;
			files = (
				61B0C9902B69651B00BE86D2 /* .gitignore in Resources */,
				6130E89C2B68E0B1004AE4F1 /* LaunchScreen.storyboard in Resources */,
				6130E8992B68E0B1004AE4F1 /* Assets.xcassets in Resources */,
				6130E8972B68E0B0004AE4F1 /* Main.storyboard in Resources */,
			);
			runOnlyForDeploymentPostprocessing = 0;
		};
/* End PBXResourcesBuildPhase section */

/* Begin PBXSourcesBuildPhase section */
		6130E8882B68E0B0004AE4F1 /* Sources */ = {
			isa = PBXSourcesBuildPhase;
			buildActionMask = 2147483647;
			files = (
				61B0C9B02B6A931100BE86D2 /* DramaCastInfoModel.swift in Sources */,
				6130E8942B68E0B0004AE4F1 /* TVViewController.swift in Sources */,
				61B0C97A2B695D9400BE86D2 /* PosterImageView.swift in Sources */,
				61B0C9AE2B6A927200BE86D2 /* SimilarDramaRecommendationModel.swift in Sources */,
				61B0C9892B695DFA00BE86D2 /* ViewProtocol.swift in Sources */,
				61B0C9B52B6A96D000BE86D2 /* BaseViewController.swift in Sources */,
				61B0C98E2B6964EA00BE86D2 /* TMDBAPIManager.swift in Sources */,
				6130E8902B68E0B0004AE4F1 /* AppDelegate.swift in Sources */,
				61B0C9A92B6A8F9200BE86D2 /* DramaDetailViewController.swift in Sources */,
				61B0C97C2B695DC400BE86D2 /* TVContentsTableViewCell.swift in Sources */,
				61B0C9BB2B6A9A9A00BE86D2 /* DramaCastInfoCollectionViewCell.swift in Sources */,
				61B0C9AB2B6A901A00BE86D2 /* DramaInfoModel.swift in Sources */,
				61B0C9C72B6BE1FA00BE86D2 /* TMDBAPI.swift in Sources */,
				61B0C9952B6965E900BE86D2 /* TVContentsModel.swift in Sources */,
				61B0C9CF2B6BEA7400BE86D2 /* DramaView.swift in Sources */,
				61B0C9BD2B6AB1E000BE86D2 /* UINavigationController+Extension.swift in Sources */,
				61B0C9C92B6BE84600BE86D2 /* BaseView.swift in Sources */,
				61B0C9922B69652B00BE86D2 /* APIKey.swift in Sources */,
				61B0C9B72B6A996D00BE86D2 /* ProfileImageView.swift in Sources */,
				61B0C9762B695D5A00BE86D2 /* EndPoint.swift in Sources */,
				61B0C9782B695D7C00BE86D2 /* UIView+Extension.swift in Sources */,
				6130E8922B68E0B0004AE4F1 /* SceneDelegate.swift in Sources */,
				61B0C98B2B695E3000BE86D2 /* ContentCollectionViewCell.swift in Sources */,
				61B0C9B92B6A99F200BE86D2 /* DramaInfoTableViewCell.swift in Sources */,
				61B0C9CD2B6BE8CB00BE86D2 /* TVView.swift in Sources */,
			);
			runOnlyForDeploymentPostprocessing = 0;
		};
/* End PBXSourcesBuildPhase section */

/* Begin PBXVariantGroup section */
		6130E8952B68E0B0004AE4F1 /* Main.storyboard */ = {
			isa = PBXVariantGroup;
			children = (
				6130E8962B68E0B0004AE4F1 /* Base */,
			);
			name = Main.storyboard;
			sourceTree = "<group>";
		};
		6130E89A2B68E0B1004AE4F1 /* LaunchScreen.storyboard */ = {
			isa = PBXVariantGroup;
			children = (
				6130E89B2B68E0B1004AE4F1 /* Base */,
			);
			name = LaunchScreen.storyboard;
			sourceTree = "<group>";
		};
/* End PBXVariantGroup section */

/* Begin XCBuildConfiguration section */
		6130E89E2B68E0B1004AE4F1 /* Debug */ = {
			isa = XCBuildConfiguration;
			buildSettings = {
				ALWAYS_SEARCH_USER_PATHS = NO;
				ASSETCATALOG_COMPILER_GENERATE_SWIFT_ASSET_SYMBOL_EXTENSIONS = YES;
				CLANG_ANALYZER_NONNULL = YES;
				CLANG_ANALYZER_NUMBER_OBJECT_CONVERSION = YES_AGGRESSIVE;
				CLANG_CXX_LANGUAGE_STANDARD = "gnu++20";
				CLANG_ENABLE_MODULES = YES;
				CLANG_ENABLE_OBJC_ARC = YES;
				CLANG_ENABLE_OBJC_WEAK = YES;
				CLANG_WARN_BLOCK_CAPTURE_AUTORELEASING = YES;
				CLANG_WARN_BOOL_CONVERSION = YES;
				CLANG_WARN_COMMA = YES;
				CLANG_WARN_CONSTANT_CONVERSION = YES;
				CLANG_WARN_DEPRECATED_OBJC_IMPLEMENTATIONS = YES;
				CLANG_WARN_DIRECT_OBJC_ISA_USAGE = YES_ERROR;
				CLANG_WARN_DOCUMENTATION_COMMENTS = YES;
				CLANG_WARN_EMPTY_BODY = YES;
				CLANG_WARN_ENUM_CONVERSION = YES;
				CLANG_WARN_INFINITE_RECURSION = YES;
				CLANG_WARN_INT_CONVERSION = YES;
				CLANG_WARN_NON_LITERAL_NULL_CONVERSION = YES;
				CLANG_WARN_OBJC_IMPLICIT_RETAIN_SELF = YES;
				CLANG_WARN_OBJC_LITERAL_CONVERSION = YES;
				CLANG_WARN_OBJC_ROOT_CLASS = YES_ERROR;
				CLANG_WARN_QUOTED_INCLUDE_IN_FRAMEWORK_HEADER = YES;
				CLANG_WARN_RANGE_LOOP_ANALYSIS = YES;
				CLANG_WARN_STRICT_PROTOTYPES = YES;
				CLANG_WARN_SUSPICIOUS_MOVE = YES;
				CLANG_WARN_UNGUARDED_AVAILABILITY = YES_AGGRESSIVE;
				CLANG_WARN_UNREACHABLE_CODE = YES;
				CLANG_WARN__DUPLICATE_METHOD_MATCH = YES;
				COPY_PHASE_STRIP = NO;
				DEBUG_INFORMATION_FORMAT = dwarf;
				ENABLE_STRICT_OBJC_MSGSEND = YES;
				ENABLE_TESTABILITY = YES;
				ENABLE_USER_SCRIPT_SANDBOXING = YES;
				GCC_C_LANGUAGE_STANDARD = gnu17;
				GCC_DYNAMIC_NO_PIC = NO;
				GCC_NO_COMMON_BLOCKS = YES;
				GCC_OPTIMIZATION_LEVEL = 0;
				GCC_PREPROCESSOR_DEFINITIONS = (
					"DEBUG=1",
					"$(inherited)",
				);
				GCC_WARN_64_TO_32_BIT_CONVERSION = YES;
				GCC_WARN_ABOUT_RETURN_TYPE = YES_ERROR;
				GCC_WARN_UNDECLARED_SELECTOR = YES;
				GCC_WARN_UNINITIALIZED_AUTOS = YES_AGGRESSIVE;
				GCC_WARN_UNUSED_FUNCTION = YES;
				GCC_WARN_UNUSED_VARIABLE = YES;
				IPHONEOS_DEPLOYMENT_TARGET = 17.2;
				LOCALIZATION_PREFERS_STRING_CATALOGS = YES;
				MTL_ENABLE_DEBUG_INFO = INCLUDE_SOURCE;
				MTL_FAST_MATH = YES;
				ONLY_ACTIVE_ARCH = YES;
				SDKROOT = iphoneos;
				SWIFT_ACTIVE_COMPILATION_CONDITIONS = "DEBUG $(inherited)";
				SWIFT_OPTIMIZATION_LEVEL = "-Onone";
			};
			name = Debug;
		};
		6130E89F2B68E0B1004AE4F1 /* Release */ = {
			isa = XCBuildConfiguration;
			buildSettings = {
				ALWAYS_SEARCH_USER_PATHS = NO;
				ASSETCATALOG_COMPILER_GENERATE_SWIFT_ASSET_SYMBOL_EXTENSIONS = YES;
				CLANG_ANALYZER_NONNULL = YES;
				CLANG_ANALYZER_NUMBER_OBJECT_CONVERSION = YES_AGGRESSIVE;
				CLANG_CXX_LANGUAGE_STANDARD = "gnu++20";
				CLANG_ENABLE_MODULES = YES;
				CLANG_ENABLE_OBJC_ARC = YES;
				CLANG_ENABLE_OBJC_WEAK = YES;
				CLANG_WARN_BLOCK_CAPTURE_AUTORELEASING = YES;
				CLANG_WARN_BOOL_CONVERSION = YES;
				CLANG_WARN_COMMA = YES;
				CLANG_WARN_CONSTANT_CONVERSION = YES;
				CLANG_WARN_DEPRECATED_OBJC_IMPLEMENTATIONS = YES;
				CLANG_WARN_DIRECT_OBJC_ISA_USAGE = YES_ERROR;
				CLANG_WARN_DOCUMENTATION_COMMENTS = YES;
				CLANG_WARN_EMPTY_BODY = YES;
				CLANG_WARN_ENUM_CONVERSION = YES;
				CLANG_WARN_INFINITE_RECURSION = YES;
				CLANG_WARN_INT_CONVERSION = YES;
				CLANG_WARN_NON_LITERAL_NULL_CONVERSION = YES;
				CLANG_WARN_OBJC_IMPLICIT_RETAIN_SELF = YES;
				CLANG_WARN_OBJC_LITERAL_CONVERSION = YES;
				CLANG_WARN_OBJC_ROOT_CLASS = YES_ERROR;
				CLANG_WARN_QUOTED_INCLUDE_IN_FRAMEWORK_HEADER = YES;
				CLANG_WARN_RANGE_LOOP_ANALYSIS = YES;
				CLANG_WARN_STRICT_PROTOTYPES = YES;
				CLANG_WARN_SUSPICIOUS_MOVE = YES;
				CLANG_WARN_UNGUARDED_AVAILABILITY = YES_AGGRESSIVE;
				CLANG_WARN_UNREACHABLE_CODE = YES;
				CLANG_WARN__DUPLICATE_METHOD_MATCH = YES;
				COPY_PHASE_STRIP = NO;
				DEBUG_INFORMATION_FORMAT = "dwarf-with-dsym";
				ENABLE_NS_ASSERTIONS = NO;
				ENABLE_STRICT_OBJC_MSGSEND = YES;
				ENABLE_USER_SCRIPT_SANDBOXING = YES;
				GCC_C_LANGUAGE_STANDARD = gnu17;
				GCC_NO_COMMON_BLOCKS = YES;
				GCC_WARN_64_TO_32_BIT_CONVERSION = YES;
				GCC_WARN_ABOUT_RETURN_TYPE = YES_ERROR;
				GCC_WARN_UNDECLARED_SELECTOR = YES;
				GCC_WARN_UNINITIALIZED_AUTOS = YES_AGGRESSIVE;
				GCC_WARN_UNUSED_FUNCTION = YES;
				GCC_WARN_UNUSED_VARIABLE = YES;
				IPHONEOS_DEPLOYMENT_TARGET = 17.2;
				LOCALIZATION_PREFERS_STRING_CATALOGS = YES;
				MTL_ENABLE_DEBUG_INFO = NO;
				MTL_FAST_MATH = YES;
				SDKROOT = iphoneos;
				SWIFT_COMPILATION_MODE = wholemodule;
				VALIDATE_PRODUCT = YES;
			};
			name = Release;
		};
		6130E8A12B68E0B1004AE4F1 /* Debug */ = {
			isa = XCBuildConfiguration;
			buildSettings = {
				ASSETCATALOG_COMPILER_APPICON_NAME = AppIcon;
				ASSETCATALOG_COMPILER_GLOBAL_ACCENT_COLOR_NAME = AccentColor;
				CODE_SIGN_STYLE = Automatic;
				CURRENT_PROJECT_VERSION = 1;
				DEVELOPMENT_TEAM = T2Q8P9627P;
				GENERATE_INFOPLIST_FILE = YES;
				INFOPLIST_FILE = MyTVContents/Info.plist;
				INFOPLIST_KEY_UIApplicationSupportsIndirectInputEvents = YES;
				INFOPLIST_KEY_UILaunchStoryboardName = LaunchScreen;
				INFOPLIST_KEY_UIMainStoryboardFile = Main;
				INFOPLIST_KEY_UISupportedInterfaceOrientations_iPad = "UIInterfaceOrientationPortrait UIInterfaceOrientationPortraitUpsideDown UIInterfaceOrientationLandscapeLeft UIInterfaceOrientationLandscapeRight";
				INFOPLIST_KEY_UISupportedInterfaceOrientations_iPhone = "UIInterfaceOrientationPortrait UIInterfaceOrientationLandscapeLeft UIInterfaceOrientationLandscapeRight";
				LD_RUNPATH_SEARCH_PATHS = (
					"$(inherited)",
					"@executable_path/Frameworks",
				);
				MARKETING_VERSION = 1.0;
				PRODUCT_BUNDLE_IDENTIFIER = dev.yujin.MyTVContents;
				PRODUCT_NAME = "$(TARGET_NAME)";
				SWIFT_EMIT_LOC_STRINGS = YES;
				SWIFT_VERSION = 5.0;
				TARGETED_DEVICE_FAMILY = "1,2";
			};
			name = Debug;
		};
		6130E8A22B68E0B1004AE4F1 /* Release */ = {
			isa = XCBuildConfiguration;
			buildSettings = {
				ASSETCATALOG_COMPILER_APPICON_NAME = AppIcon;
				ASSETCATALOG_COMPILER_GLOBAL_ACCENT_COLOR_NAME = AccentColor;
				CODE_SIGN_STYLE = Automatic;
				CURRENT_PROJECT_VERSION = 1;
				DEVELOPMENT_TEAM = T2Q8P9627P;
				GENERATE_INFOPLIST_FILE = YES;
				INFOPLIST_FILE = MyTVContents/Info.plist;
				INFOPLIST_KEY_UIApplicationSupportsIndirectInputEvents = YES;
				INFOPLIST_KEY_UILaunchStoryboardName = LaunchScreen;
				INFOPLIST_KEY_UIMainStoryboardFile = Main;
				INFOPLIST_KEY_UISupportedInterfaceOrientations_iPad = "UIInterfaceOrientationPortrait UIInterfaceOrientationPortraitUpsideDown UIInterfaceOrientationLandscapeLeft UIInterfaceOrientationLandscapeRight";
				INFOPLIST_KEY_UISupportedInterfaceOrientations_iPhone = "UIInterfaceOrientationPortrait UIInterfaceOrientationLandscapeLeft UIInterfaceOrientationLandscapeRight";
				LD_RUNPATH_SEARCH_PATHS = (
					"$(inherited)",
					"@executable_path/Frameworks",
				);
				MARKETING_VERSION = 1.0;
				PRODUCT_BUNDLE_IDENTIFIER = dev.yujin.MyTVContents;
				PRODUCT_NAME = "$(TARGET_NAME)";
				SWIFT_EMIT_LOC_STRINGS = YES;
				SWIFT_VERSION = 5.0;
				TARGETED_DEVICE_FAMILY = "1,2";
			};
			name = Release;
		};
/* End XCBuildConfiguration section */

/* Begin XCConfigurationList section */
		6130E8872B68E0B0004AE4F1 /* Build configuration list for PBXProject "MyTVContents" */ = {
			isa = XCConfigurationList;
			buildConfigurations = (
				6130E89E2B68E0B1004AE4F1 /* Debug */,
				6130E89F2B68E0B1004AE4F1 /* Release */,
			);
			defaultConfigurationIsVisible = 0;
			defaultConfigurationName = Release;
		};
		6130E8A02B68E0B1004AE4F1 /* Build configuration list for PBXNativeTarget "MyTVContents" */ = {
			isa = XCConfigurationList;
			buildConfigurations = (
				6130E8A12B68E0B1004AE4F1 /* Debug */,
				6130E8A22B68E0B1004AE4F1 /* Release */,
			);
			defaultConfigurationIsVisible = 0;
			defaultConfigurationName = Release;
		};
/* End XCConfigurationList section */

/* Begin XCRemoteSwiftPackageReference section */
		61B0C97D2B695DDE00BE86D2 /* XCRemoteSwiftPackageReference "SnapKit" */ = {
			isa = XCRemoteSwiftPackageReference;
			repositoryURL = "https://github.com/SnapKit/SnapKit";
			requirement = {
				kind = upToNextMajorVersion;
				minimumVersion = 5.7.0;
			};
		};
		61B0C9822B695DE800BE86D2 /* XCRemoteSwiftPackageReference "Kingfisher" */ = {
			isa = XCRemoteSwiftPackageReference;
			repositoryURL = "https://github.com/onevcat/Kingfisher";
			requirement = {
				kind = upToNextMajorVersion;
				minimumVersion = 7.10.2;
			};
		};
		61B0C9852B695DF000BE86D2 /* XCRemoteSwiftPackageReference "Alamofire" */ = {
			isa = XCRemoteSwiftPackageReference;
			repositoryURL = "https://github.com/Alamofire/Alamofire";
			requirement = {
				kind = upToNextMajorVersion;
				minimumVersion = 5.8.1;
			};
		};
/* End XCRemoteSwiftPackageReference section */

/* Begin XCSwiftPackageProductDependency section */
		61B0C97E2B695DDE00BE86D2 /* SnapKit */ = {
			isa = XCSwiftPackageProductDependency;
			package = 61B0C97D2B695DDE00BE86D2 /* XCRemoteSwiftPackageReference "SnapKit" */;
			productName = SnapKit;
		};
		61B0C9802B695DDE00BE86D2 /* SnapKit-Dynamic */ = {
			isa = XCSwiftPackageProductDependency;
			package = 61B0C97D2B695DDE00BE86D2 /* XCRemoteSwiftPackageReference "SnapKit" */;
			productName = "SnapKit-Dynamic";
		};
		61B0C9832B695DE800BE86D2 /* Kingfisher */ = {
			isa = XCSwiftPackageProductDependency;
			package = 61B0C9822B695DE800BE86D2 /* XCRemoteSwiftPackageReference "Kingfisher" */;
			productName = Kingfisher;
		};
		61B0C9862B695DF000BE86D2 /* Alamofire */ = {
			isa = XCSwiftPackageProductDependency;
			package = 61B0C9852B695DF000BE86D2 /* XCRemoteSwiftPackageReference "Alamofire" */;
			productName = Alamofire;
		};
/* End XCSwiftPackageProductDependency section */
	};
	rootObject = 6130E8842B68E0B0004AE4F1 /* Project object */;
}
